
Microsoft Visual Studio Solution File, Format Version 12.00
Project("{FAE04EC0-301F-11D3-BF4B-00C04F79EFBC}") = "PromoCode.Application", "PromoCode.Application\PromoCode.Application.csproj", "{AA172D0B-5901-4DAC-94F7-CD87CA794873}"
EndProject
Project("{FAE04EC0-301F-11D3-BF4B-00C04F79EFBC}") = "PromoCode.Infrastructure", "PromoCode.Infrastructure\PromoCode.Infrastructure.csproj", "{1D69B6AB-5687-4E56-815D-E734733BF06F}"
EndProject
Project("{FAE04EC0-301F-11D3-BF4B-00C04F79EFBC}") = "PromoCode.Domain", "PromoCode.Domain\PromoCode.Domain.csproj", "{636F2004-E0D5-41E0-B91B-E64CE328CF8B}"
EndProject
Project("{FAE04EC0-301F-11D3-BF4B-00C04F79EFBC}") = "PromoCode.API", "PromoCode.API\PromoCode.API.csproj", "{82DCD185-89A9-4766-9BC5-4956C6EBEF90}"
EndProject
Project("{FAE04EC0-301F-11D3-BF4B-00C04F79EFBC}") = "SimpleTenant", "SimpleTenant\SimpleTenant.csproj", "{53BA1FED-1922-4A5C-A376-432501CB4491}"
EndProject
Project("{FAE04EC0-301F-11D3-BF4B-00C04F79EFBC}") = "Chrominsky.Utils", "Chrominsky.Utils\Chrominsky.Utils.csproj", "{DCD6880F-BEB2-4CCC-8D39-ED722C495162}"
EndProject
Project("{FAE04EC0-301F-11D3-BF4B-00C04F79EFBC}") = "SimpleAuth", "SimpleAuth\SimpleAuth.csproj", "{D179E423-48D3-45E5-A26D-BF9B60C4CAE3}"
EndProject
Project("{FAE04EC0-301F-11D3-BF4B-00C04F79EFBC}") = "PromoCode.Tests", "PromoCode.Tests\PromoCode.Tests.csproj", "{24E8C31F-70D7-4F0E-8152-5DE44D435B3D}"
EndProject
Global
	GlobalSection(SolutionConfigurationPlatforms) = preSolution
		Debug|Any CPU = Debug|Any CPU
		Release|Any CPU = Release|Any CPU
	EndGlobalSection
	GlobalSection(ProjectConfigurationPlatforms) = postSolution
		{AA172D0B-5901-4DAC-94F7-CD87CA794873}.Debug|Any CPU.ActiveCfg = Debug|Any CPU
		{AA172D0B-5901-4DAC-94F7-CD87CA794873}.Debug|Any CPU.Build.0 = Debug|Any CPU
		{AA172D0B-5901-4DAC-94F7-CD87CA794873}.Release|Any CPU.ActiveCfg = Release|Any CPU
		{AA172D0B-5901-4DAC-94F7-CD87CA794873}.Release|Any CPU.Build.0 = Release|Any CPU
		{1D69B6AB-5687-4E56-815D-E734733BF06F}.Debug|Any CPU.ActiveCfg = Debug|Any CPU
		{1D69B6AB-5687-4E56-815D-E734733BF06F}.Debug|Any CPU.Build.0 = Debug|Any CPU
		{1D69B6AB-5687-4E56-815D-E734733BF06F}.Release|Any CPU.ActiveCfg = Release|Any CPU
		{1D69B6AB-5687-4E56-815D-E734733BF06F}.Release|Any CPU.Build.0 = Release|Any CPU
		{636F2004-E0D5-41E0-B91B-E64CE328CF8B}.Debug|Any CPU.ActiveCfg = Debug|Any CPU
		{636F2004-E0D5-41E0-B91B-E64CE328CF8B}.Debug|Any CPU.Build.0 = Debug|Any CPU
		{636F2004-E0D5-41E0-B91B-E64CE328CF8B}.Release|Any CPU.ActiveCfg = Release|Any CPU
		{636F2004-E0D5-41E0-B91B-E64CE328CF8B}.Release|Any CPU.Build.0 = Release|Any CPU
		{82DCD185-89A9-4766-9BC5-4956C6EBEF90}.Debug|Any CPU.ActiveCfg = Debug|Any CPU
		{82DCD185-89A9-4766-9BC5-4956C6EBEF90}.Debug|Any CPU.Build.0 = Debug|Any CPU
		{82DCD185-89A9-4766-9BC5-4956C6EBEF90}.Release|Any CPU.ActiveCfg = Release|Any CPU
		{82DCD185-89A9-4766-9BC5-4956C6EBEF90}.Release|Any CPU.Build.0 = Release|Any CPU
		{53BA1FED-1922-4A5C-A376-432501CB4491}.Debug|Any CPU.ActiveCfg = Debug|Any CPU
		{53BA1FED-1922-4A5C-A376-432501CB4491}.Debug|Any CPU.Build.0 = Debug|Any CPU
		{53BA1FED-1922-4A5C-A376-432501CB4491}.Release|Any CPU.ActiveCfg = Release|Any CPU
		{53BA1FED-1922-4A5C-A376-432501CB4491}.Release|Any CPU.Build.0 = Release|Any CPU
		{DCD6880F-BEB2-4CCC-8D39-ED722C495162}.Debug|Any CPU.ActiveCfg = Debug|Any CPU
		{DCD6880F-BEB2-4CCC-8D39-ED722C495162}.Debug|Any CPU.Build.0 = Debug|Any CPU
		{DCD6880F-BEB2-4CCC-8D39-ED722C495162}.Release|Any CPU.ActiveCfg = Release|Any CPU
		{DCD6880F-BEB2-4CCC-8D39-ED722C495162}.Release|Any CPU.Build.0 = Release|Any CPU
		{D179E423-48D3-45E5-A26D-BF9B60C4CAE3}.Debug|Any CPU.ActiveCfg = Debug|Any CPU
		{D179E423-48D3-45E5-A26D-BF9B60C4CAE3}.Debug|Any CPU.Build.0 = Debug|Any CPU
		{D179E423-48D3-45E5-A26D-BF9B60C4CAE3}.Release|Any CPU.ActiveCfg = Release|Any CPU
		{D179E423-48D3-45E5-A26D-BF9B60C4CAE3}.Release|Any CPU.Build.0 = Release|Any CPU
		{24E8C31F-70D7-4F0E-8152-5DE44D435B3D}.Debug|Any CPU.ActiveCfg = Debug|Any CPU
		{24E8C31F-70D7-4F0E-8152-5DE44D435B3D}.Debug|Any CPU.Build.0 = Debug|Any CPU
		{24E8C31F-70D7-4F0E-8152-5DE44D435B3D}.Release|Any CPU.ActiveCfg = Release|Any CPU
		{24E8C31F-70D7-4F0E-8152-5DE44D435B3D}.Release|Any CPU.Build.0 = Release|Any CPU
	EndGlobalSection
EndGlobal
